// !$*UTF8*$!
{
	archiveVersion = 1;
	classes = {
	};
	objectVersion = 50;
	objects = {

/* Begin PBXBuildFile section */
		B62628F4233ACB1B00F2BCD3 /* AppDelegate.m in Sources */ = {isa = PBXBuildFile; fileRef = B62628F3233ACB1B00F2BCD3 /* AppDelegate.m */; };
		B62628F7233ACB1B00F2BCD3 /* SceneDelegate.m in Sources */ = {isa = PBXBuildFile; fileRef = B62628F6233ACB1B00F2BCD3 /* SceneDelegate.m */; };
		B62628FA233ACB1B00F2BCD3 /* ViewController.m in Sources */ = {isa = PBXBuildFile; fileRef = B62628F9233ACB1B00F2BCD3 /* ViewController.m */; };
		B62628FD233ACB1B00F2BCD3 /* Main.storyboard in Resources */ = {isa = PBXBuildFile; fileRef = B62628FB233ACB1B00F2BCD3 /* Main.storyboard */; };
		B62628FF233ACB1C00F2BCD3 /* Assets.xcassets in Resources */ = {isa = PBXBuildFile; fileRef = B62628FE233ACB1C00F2BCD3 /* Assets.xcassets */; };
		B6262902233ACB1C00F2BCD3 /* LaunchScreen.storyboard in Resources */ = {isa = PBXBuildFile; fileRef = B6262900233ACB1C00F2BCD3 /* LaunchScreen.storyboard */; };
		B6262905233ACB1C00F2BCD3 /* main.m in Sources */ = {isa = PBXBuildFile; fileRef = B6262904233ACB1C00F2BCD3 /* main.m */; };
		B64BACD3234AD65B0080F2AB /* Lab2.png in Resources */ = {isa = PBXBuildFile; fileRef = B64BACD2234AD65B0080F2AB /* Lab2.png */; };
		B6976E132343F4420098A0CF /* ModuleAViewController.m in Sources */ = {isa = PBXBuildFile; fileRef = B6976E122343F4420098A0CF /* ModuleAViewController.m */; };
		B6976E2B2343F7CC0098A0CF /* ModuleBViewController.m in Sources */ = {isa = PBXBuildFile; fileRef = B6976E2A2343F7CC0098A0CF /* ModuleBViewController.m */; };
		B6976E322343FA530098A0CF /* SMUGraphHelper.m in Sources */ = {isa = PBXBuildFile; fileRef = B6976E312343FA530098A0CF /* SMUGraphHelper.m */; };
		B6976E3B2343FA5C0098A0CF /* Novocaine.m in Sources */ = {isa = PBXBuildFile; fileRef = B6976E332343FA5C0098A0CF /* Novocaine.m */; };
		B6976E3C2343FA5C0098A0CF /* FFTHelper.m in Sources */ = {isa = PBXBuildFile; fileRef = B6976E372343FA5C0098A0CF /* FFTHelper.m */; };
		B6976E3D2343FA5C0098A0CF /* CircularBuffer.m in Sources */ = {isa = PBXBuildFile; fileRef = B6976E382343FA5C0098A0CF /* CircularBuffer.m */; };
		B6A21852234A687100517185 /* AnalyzerModel.m in Sources */ = {isa = PBXBuildFile; fileRef = B6A21851234A687100517185 /* AnalyzerModel.m */; };
/* End PBXBuildFile section */

/* Begin PBXFileReference section */
		B62628EF233ACB1B00F2BCD3 /* Lab2.app */ = {isa = PBXFileReference; explicitFileType = wrapper.application; includeInIndex = 0; path = Lab2.app; sourceTree = BUILT_PRODUCTS_DIR; };
		B62628F2233ACB1B00F2BCD3 /* AppDelegate.h */ = {isa = PBXFileReference; lastKnownFileType = sourcecode.c.h; path = AppDelegate.h; sourceTree = "<group>"; };
		B62628F3233ACB1B00F2BCD3 /* AppDelegate.m */ = {isa = PBXFileReference; lastKnownFileType = sourcecode.c.objc; path = AppDelegate.m; sourceTree = "<group>"; };
		B62628F5233ACB1B00F2BCD3 /* SceneDelegate.h */ = {isa = PBXFileReference; lastKnownFileType = sourcecode.c.h; path = SceneDelegate.h; sourceTree = "<group>"; };
		B62628F6233ACB1B00F2BCD3 /* SceneDelegate.m */ = {isa = PBXFileReference; lastKnownFileType = sourcecode.c.objc; path = SceneDelegate.m; sourceTree = "<group>"; };
		B62628F8233ACB1B00F2BCD3 /* ViewController.h */ = {isa = PBXFileReference; lastKnownFileType = sourcecode.c.h; path = ViewController.h; sourceTree = "<group>"; };
		B62628F9233ACB1B00F2BCD3 /* ViewController.m */ = {isa = PBXFileReference; lastKnownFileType = sourcecode.c.objc; path = ViewController.m; sourceTree = "<group>"; };
		B62628FC233ACB1B00F2BCD3 /* Base */ = {isa = PBXFileReference; lastKnownFileType = file.storyboard; name = Base; path = Base.lproj/Main.storyboard; sourceTree = "<group>"; };
		B62628FE233ACB1C00F2BCD3 /* Assets.xcassets */ = {isa = PBXFileReference; lastKnownFileType = folder.assetcatalog; path = Assets.xcassets; sourceTree = "<group>"; };
		B6262901233ACB1C00F2BCD3 /* Base */ = {isa = PBXFileReference; lastKnownFileType = file.storyboard; name = Base; path = Base.lproj/LaunchScreen.storyboard; sourceTree = "<group>"; };
		B6262903233ACB1C00F2BCD3 /* Info.plist */ = {isa = PBXFileReference; lastKnownFileType = text.plist.xml; path = Info.plist; sourceTree = "<group>"; };
		B6262904233ACB1C00F2BCD3 /* main.m */ = {isa = PBXFileReference; lastKnownFileType = sourcecode.c.objc; path = main.m; sourceTree = "<group>"; };
		B64BACD2234AD65B0080F2AB /* Lab2.png */ = {isa = PBXFileReference; lastKnownFileType = image.png; path = Lab2.png; sourceTree = SOURCE_ROOT; };
		B6976E112343F4420098A0CF /* ModuleAViewController.h */ = {isa = PBXFileReference; lastKnownFileType = sourcecode.c.h; path = ModuleAViewController.h; sourceTree = "<group>"; };
		B6976E122343F4420098A0CF /* ModuleAViewController.m */ = {isa = PBXFileReference; lastKnownFileType = sourcecode.c.objc; path = ModuleAViewController.m; sourceTree = "<group>"; };
		B6976E292343F7CC0098A0CF /* ModuleBViewController.h */ = {isa = PBXFileReference; lastKnownFileType = sourcecode.c.h; path = ModuleBViewController.h; sourceTree = "<group>"; };
		B6976E2A2343F7CC0098A0CF /* ModuleBViewController.m */ = {isa = PBXFileReference; lastKnownFileType = sourcecode.c.objc; path = ModuleBViewController.m; sourceTree = "<group>"; };
		B6976E302343FA530098A0CF /* SMUGraphHelper.h */ = {isa = PBXFileReference; fileEncoding = 4; lastKnownFileType = sourcecode.c.h; path = SMUGraphHelper.h; sourceTree = "<group>"; };
		B6976E312343FA530098A0CF /* SMUGraphHelper.m */ = {isa = PBXFileReference; fileEncoding = 4; lastKnownFileType = sourcecode.c.objc; path = SMUGraphHelper.m; sourceTree = "<group>"; };
		B6976E332343FA5C0098A0CF /* Novocaine.m */ = {isa = PBXFileReference; fileEncoding = 4; lastKnownFileType = sourcecode.c.objc; path = Novocaine.m; sourceTree = "<group>"; };
		B6976E342343FA5C0098A0CF /* CircularBuffer.h */ = {isa = PBXFileReference; fileEncoding = 4; lastKnownFileType = sourcecode.c.h; path = CircularBuffer.h; sourceTree = "<group>"; };
		B6976E352343FA5C0098A0CF /* Novocaine.h */ = {isa = PBXFileReference; fileEncoding = 4; lastKnownFileType = sourcecode.c.h; path = Novocaine.h; sourceTree = "<group>"; };
		B6976E362343FA5C0098A0CF /* FFTHelper.h */ = {isa = PBXFileReference; fileEncoding = 4; lastKnownFileType = sourcecode.c.h; path = FFTHelper.h; sourceTree = "<group>"; };
		B6976E372343FA5C0098A0CF /* FFTHelper.m */ = {isa = PBXFileReference; fileEncoding = 4; lastKnownFileType = sourcecode.c.objc; path = FFTHelper.m; sourceTree = "<group>"; };
		B6976E382343FA5C0098A0CF /* CircularBuffer.m */ = {isa = PBXFileReference; fileEncoding = 4; lastKnownFileType = sourcecode.c.objc; path = CircularBuffer.m; sourceTree = "<group>"; };
		B6A21850234A687100517185 /* AnalyzerModel.h */ = {isa = PBXFileReference; lastKnownFileType = sourcecode.c.h; path = AnalyzerModel.h; sourceTree = "<group>"; };
		B6A21851234A687100517185 /* AnalyzerModel.m */ = {isa = PBXFileReference; lastKnownFileType = sourcecode.c.objc; path = AnalyzerModel.m; sourceTree = "<group>"; };
/* End PBXFileReference section */

/* Begin PBXFrameworksBuildPhase section */
		B62628EC233ACB1B00F2BCD3 /* Frameworks */ = {
			isa = PBXFrameworksBuildPhase;
			buildActionMask = 2147483647;
			files = (
			);
			runOnlyForDeploymentPostprocessing = 0;
		};
/* End PBXFrameworksBuildPhase section */

/* Begin PBXGroup section */
		B62628E6233ACB1B00F2BCD3 = {
			isa = PBXGroup;
			children = (
				B62628F1233ACB1B00F2BCD3 /* Lab2 */,
				B62628F0233ACB1B00F2BCD3 /* Products */,
			);
			sourceTree = "<group>";
		};
		B62628F0233ACB1B00F2BCD3 /* Products */ = {
			isa = PBXGroup;
			children = (
				B62628EF233ACB1B00F2BCD3 /* Lab2.app */,
			);
			name = Products;
			sourceTree = "<group>";
		};
		B62628F1233ACB1B00F2BCD3 /* Lab2 */ = {
			isa = PBXGroup;
			children = (
				B6976E1A2343F4F70098A0CF /* DSPUtils */,
				B6976E2C2343F96D0098A0CF /* GraphingSupport */,
				B6976E1C2343F5410098A0CF /* Project */,
			);
			path = Lab2;
			sourceTree = "<group>";
		};
		B6976E1A2343F4F70098A0CF /* DSPUtils */ = {
			isa = PBXGroup;
			children = (
				B6976E342343FA5C0098A0CF /* CircularBuffer.h */,
				B6976E382343FA5C0098A0CF /* CircularBuffer.m */,
				B6976E362343FA5C0098A0CF /* FFTHelper.h */,
				B6976E372343FA5C0098A0CF /* FFTHelper.m */,
				B6976E352343FA5C0098A0CF /* Novocaine.h */,
				B6976E332343FA5C0098A0CF /* Novocaine.m */,
			);
			path = DSPUtils;
			sourceTree = "<group>";
		};
		B6976E1C2343F5410098A0CF /* Project */ = {
			isa = PBXGroup;
			children = (
				B64BACD2234AD65B0080F2AB /* Lab2.png */,
				B6262900233ACB1C00F2BCD3 /* LaunchScreen.storyboard */,
				B62628FB233ACB1B00F2BCD3 /* Main.storyboard */,
				B6262903233ACB1C00F2BCD3 /* Info.plist */,
				B6262904233ACB1C00F2BCD3 /* main.m */,
				B62628F2233ACB1B00F2BCD3 /* AppDelegate.h */,
				B62628F3233ACB1B00F2BCD3 /* AppDelegate.m */,
				B62628F5233ACB1B00F2BCD3 /* SceneDelegate.h */,
				B62628F6233ACB1B00F2BCD3 /* SceneDelegate.m */,
				B62628F8233ACB1B00F2BCD3 /* ViewController.h */,
				B62628F9233ACB1B00F2BCD3 /* ViewController.m */,
				B6976E112343F4420098A0CF /* ModuleAViewController.h */,
				B6976E122343F4420098A0CF /* ModuleAViewController.m */,
				B6976E292343F7CC0098A0CF /* ModuleBViewController.h */,
				B6976E2A2343F7CC0098A0CF /* ModuleBViewController.m */,
				B6A21850234A687100517185 /* AnalyzerModel.h */,
				B6A21851234A687100517185 /* AnalyzerModel.m */,
				B62628FE233ACB1C00F2BCD3 /* Assets.xcassets */,
			);
			path = Project;
			sourceTree = "<group>";
		};
		B6976E2C2343F96D0098A0CF /* GraphingSupport */ = {
			isa = PBXGroup;
			children = (
				B6976E302343FA530098A0CF /* SMUGraphHelper.h */,
				B6976E312343FA530098A0CF /* SMUGraphHelper.m */,
			);
			path = GraphingSupport;
			sourceTree = "<group>";
		};
/* End PBXGroup section */

/* Begin PBXNativeTarget section */
		B62628EE233ACB1B00F2BCD3 /* Lab2 */ = {
			isa = PBXNativeTarget;
			buildConfigurationList = B6262908233ACB1C00F2BCD3 /* Build configuration list for PBXNativeTarget "Lab2" */;
			buildPhases = (
				B62628EB233ACB1B00F2BCD3 /* Sources */,
				B62628EC233ACB1B00F2BCD3 /* Frameworks */,
				B62628ED233ACB1B00F2BCD3 /* Resources */,
			);
			buildRules = (
			);
			dependencies = (
			);
			name = Lab2;
			productName = Lab2;
			productReference = B62628EF233ACB1B00F2BCD3 /* Lab2.app */;
			productType = "com.apple.product-type.application";
		};
/* End PBXNativeTarget section */

/* Begin PBXProject section */
		B62628E7233ACB1B00F2BCD3 /* Project object */ = {
			isa = PBXProject;
			attributes = {
				LastUpgradeCheck = 1100;
				ORGANIZATIONNAME = "Will Lacey";
				TargetAttributes = {
					B62628EE233ACB1B00F2BCD3 = {
						CreatedOnToolsVersion = 11.0;
					};
				};
			};
			buildConfigurationList = B62628EA233ACB1B00F2BCD3 /* Build configuration list for PBXProject "Lab2" */;
			compatibilityVersion = "Xcode 9.3";
			developmentRegion = en;
			hasScannedForEncodings = 0;
			knownRegions = (
				en,
				Base,
			);
			mainGroup = B62628E6233ACB1B00F2BCD3;
			productRefGroup = B62628F0233ACB1B00F2BCD3 /* Products */;
			projectDirPath = "";
			projectRoot = "";
			targets = (
				B62628EE233ACB1B00F2BCD3 /* Lab2 */,
			);
		};
/* End PBXProject section */

/* Begin PBXResourcesBuildPhase section */
		B62628ED233ACB1B00F2BCD3 /* Resources */ = {
			isa = PBXResourcesBuildPhase;
			buildActionMask = 2147483647;
			files = (
				B64BACD3234AD65B0080F2AB /* Lab2.png in Resources */,
				B6262902233ACB1C00F2BCD3 /* LaunchScreen.storyboard in Resources */,
				B62628FF233ACB1C00F2BCD3 /* Assets.xcassets in Resources */,
				B62628FD233ACB1B00F2BCD3 /* Main.storyboard in Resources */,
			);
			runOnlyForDeploymentPostprocessing = 0;
		};
/* End PBXResourcesBuildPhase section */

/* Begin PBXSourcesBuildPhase section */
		B62628EB233ACB1B00F2BCD3 /* Sources */ = {
			isa = PBXSourcesBuildPhase;
			buildActionMask = 2147483647;
			files = (
				B6976E3D2343FA5C0098A0CF /* CircularBuffer.m in Sources */,
				B6A21852234A687100517185 /* AnalyzerModel.m in Sources */,
				B6976E3B2343FA5C0098A0CF /* Novocaine.m in Sources */,
				B62628FA233ACB1B00F2BCD3 /* ViewController.m in Sources */,
				B62628F4233ACB1B00F2BCD3 /* AppDelegate.m in Sources */,
				B6976E2B2343F7CC0098A0CF /* ModuleBViewController.m in Sources */,
				B6262905233ACB1C00F2BCD3 /* main.m in Sources */,
				B6976E3C2343FA5C0098A0CF /* FFTHelper.m in Sources */,
				B6976E322343FA530098A0CF /* SMUGraphHelper.m in Sources */,
				B6976E132343F4420098A0CF /* ModuleAViewController.m in Sources */,
				B62628F7233ACB1B00F2BCD3 /* SceneDelegate.m in Sources */,
			);
			runOnlyForDeploymentPostprocessing = 0;
		};
/* End PBXSourcesBuildPhase section */

/* Begin PBXVariantGroup section */
		B62628FB233ACB1B00F2BCD3 /* Main.storyboard */ = {
			isa = PBXVariantGroup;
			children = (
				B62628FC233ACB1B00F2BCD3 /* Base */,
			);
			name = Main.storyboard;
			sourceTree = "<group>";
		};
		B6262900233ACB1C00F2BCD3 /* LaunchScreen.storyboard */ = {
			isa = PBXVariantGroup;
			children = (
				B6262901233ACB1C00F2BCD3 /* Base */,
			);
			name = LaunchScreen.storyboard;
			sourceTree = "<group>";
		};
/* End PBXVariantGroup section */

/* Begin XCBuildConfiguration section */
		B6262906233ACB1C00F2BCD3 /* Debug */ = {
			isa = XCBuildConfiguration;
			buildSettings = {
				ALWAYS_SEARCH_USER_PATHS = NO;
				CLANG_ANALYZER_NONNULL = YES;
				CLANG_ANALYZER_NUMBER_OBJECT_CONVERSION = YES_AGGRESSIVE;
				CLANG_CXX_LANGUAGE_STANDARD = "gnu++14";
				CLANG_CXX_LIBRARY = "libc++";
				CLANG_ENABLE_MODULES = YES;
				CLANG_ENABLE_OBJC_ARC = YES;
				CLANG_ENABLE_OBJC_WEAK = YES;
				CLANG_WARN_BLOCK_CAPTURE_AUTORELEASING = YES;
				CLANG_WARN_BOOL_CONVERSION = YES;
				CLANG_WARN_COMMA = YES;
				CLANG_WARN_CONSTANT_CONVERSION = YES;
				CLANG_WARN_DEPRECATED_OBJC_IMPLEMENTATIONS = YES;
				CLANG_WARN_DIRECT_OBJC_ISA_USAGE = YES_ERROR;
				CLANG_WARN_DOCUMENTATION_COMMENTS = YES;
				CLANG_WARN_EMPTY_BODY = YES;
				CLANG_WARN_ENUM_CONVERSION = YES;
				CLANG_WARN_INFINITE_RECURSION = YES;
				CLANG_WARN_INT_CONVERSION = YES;
				CLANG_WARN_NON_LITERAL_NULL_CONVERSION = YES;
				CLANG_WARN_OBJC_IMPLICIT_RETAIN_SELF = YES;
				CLANG_WARN_OBJC_LITERAL_CONVERSION = YES;
				CLANG_WARN_OBJC_ROOT_CLASS = YES_ERROR;
				CLANG_WARN_RANGE_LOOP_ANALYSIS = YES;
				CLANG_WARN_STRICT_PROTOTYPES = YES;
				CLANG_WARN_SUSPICIOUS_MOVE = YES;
				CLANG_WARN_UNGUARDED_AVAILABILITY = YES_AGGRESSIVE;
				CLANG_WARN_UNREACHABLE_CODE = YES;
				CLANG_WARN__DUPLICATE_METHOD_MATCH = YES;
				COPY_PHASE_STRIP = NO;
				DEBUG_INFORMATION_FORMAT = dwarf;
				ENABLE_STRICT_OBJC_MSGSEND = YES;
				ENABLE_TESTABILITY = YES;
				GCC_C_LANGUAGE_STANDARD = gnu11;
				GCC_DYNAMIC_NO_PIC = NO;
				GCC_NO_COMMON_BLOCKS = YES;
				GCC_OPTIMIZATION_LEVEL = 0;
				GCC_PREPROCESSOR_DEFINITIONS = (
					"DEBUG=1",
					"$(inherited)",
				);
				GCC_WARN_64_TO_32_BIT_CONVERSION = YES;
				GCC_WARN_ABOUT_RETURN_TYPE = YES_ERROR;
				GCC_WARN_UNDECLARED_SELECTOR = YES;
				GCC_WARN_UNINITIALIZED_AUTOS = YES_AGGRESSIVE;
				GCC_WARN_UNUSED_FUNCTION = YES;
				GCC_WARN_UNUSED_VARIABLE = YES;
				IPHONEOS_DEPLOYMENT_TARGET = 13.0;
				MTL_ENABLE_DEBUG_INFO = INCLUDE_SOURCE;
				MTL_FAST_MATH = YES;
				ONLY_ACTIVE_ARCH = YES;
				SDKROOT = iphoneos;
			};
			name = Debug;
		};
		B6262907233ACB1C00F2BCD3 /* Release */ = {
			isa = XCBuildConfiguration;
			buildSettings = {
				ALWAYS_SEARCH_USER_PATHS = NO;
				CLANG_ANALYZER_NONNULL = YES;
				CLANG_ANALYZER_NUMBER_OBJECT_CONVERSION = YES_AGGRESSIVE;
				CLANG_CXX_LANGUAGE_STANDARD = "gnu++14";
				CLANG_CXX_LIBRARY = "libc++";
				CLANG_ENABLE_MODULES = YES;
				CLANG_ENABLE_OBJC_ARC = YES;
				CLANG_ENABLE_OBJC_WEAK = YES;
				CLANG_WARN_BLOCK_CAPTURE_AUTORELEASING = YES;
				CLANG_WARN_BOOL_CONVERSION = YES;
				CLANG_WARN_COMMA = YES;
				CLANG_WARN_CONSTANT_CONVERSION = YES;
				CLANG_WARN_DEPRECATED_OBJC_IMPLEMENTATIONS = YES;
				CLANG_WARN_DIRECT_OBJC_ISA_USAGE = YES_ERROR;
				CLANG_WARN_DOCUMENTATION_COMMENTS = YES;
				CLANG_WARN_EMPTY_BODY = YES;
				CLANG_WARN_ENUM_CONVERSION = YES;
				CLANG_WARN_INFINITE_RECURSION = YES;
				CLANG_WARN_INT_CONVERSION = YES;
				CLANG_WARN_NON_LITERAL_NULL_CONVERSION = YES;
				CLANG_WARN_OBJC_IMPLICIT_RETAIN_SELF = YES;
				CLANG_WARN_OBJC_LITERAL_CONVERSION = YES;
				CLANG_WARN_OBJC_ROOT_CLASS = YES_ERROR;
				CLANG_WARN_RANGE_LOOP_ANALYSIS = YES;
				CLANG_WARN_STRICT_PROTOTYPES = YES;
				CLANG_WARN_SUSPICIOUS_MOVE = YES;
				CLANG_WARN_UNGUARDED_AVAILABILITY = YES_AGGRESSIVE;
				CLANG_WARN_UNREACHABLE_CODE = YES;
				CLANG_WARN__DUPLICATE_METHOD_MATCH = YES;
				COPY_PHASE_STRIP = NO;
				DEBUG_INFORMATION_FORMAT = "dwarf-with-dsym";
				ENABLE_NS_ASSERTIONS = NO;
				ENABLE_STRICT_OBJC_MSGSEND = YES;
				GCC_C_LANGUAGE_STANDARD = gnu11;
				GCC_NO_COMMON_BLOCKS = YES;
				GCC_WARN_64_TO_32_BIT_CONVERSION = YES;
				GCC_WARN_ABOUT_RETURN_TYPE = YES_ERROR;
				GCC_WARN_UNDECLARED_SELECTOR = YES;
				GCC_WARN_UNINITIALIZED_AUTOS = YES_AGGRESSIVE;
				GCC_WARN_UNUSED_FUNCTION = YES;
				GCC_WARN_UNUSED_VARIABLE = YES;
				IPHONEOS_DEPLOYMENT_TARGET = 13.0;
				MTL_ENABLE_DEBUG_INFO = NO;
				MTL_FAST_MATH = YES;
				SDKROOT = iphoneos;
				VALIDATE_PRODUCT = YES;
			};
			name = Release;
		};
		B6262909233ACB1C00F2BCD3 /* Debug */ = {
			isa = XCBuildConfiguration;
			buildSettings = {
				ASSETCATALOG_COMPILER_APPICON_NAME = AppIcon;
				CODE_SIGN_STYLE = Automatic;
				DEVELOPMENT_TEAM = F69WJ27LN4;
				INFOPLIST_FILE = Lab2/Project/Info.plist;
				IPHONEOS_DEPLOYMENT_TARGET = 12.4;
				LD_RUNPATH_SEARCH_PATHS = (
					"$(inherited)",
					"@executable_path/Frameworks",
				);
				PRODUCT_BUNDLE_IDENTIFIER = Swee.Lab2;
				PRODUCT_NAME = "$(TARGET_NAME)";
				TARGETED_DEVICE_FAMILY = "1,2";
			};
			name = Debug;
		};
		B626290A233ACB1C00F2BCD3 /* Release */ = {
			isa = XCBuildConfiguration;
			buildSettings = {
				ASSETCATALOG_COMPILER_APPICON_NAME = AppIcon;
				CODE_SIGN_STYLE = Automatic;
				DEVELOPMENT_TEAM = F69WJ27LN4;
				INFOPLIST_FILE = Lab2/Project/Info.plist;
				IPHONEOS_DEPLOYMENT_TARGET = 12.4;
				LD_RUNPATH_SEARCH_PATHS = (
					"$(inherited)",
					"@executable_path/Frameworks",
				);
				PRODUCT_BUNDLE_IDENTIFIER = Swee.Lab2;
				PRODUCT_NAME = "$(TARGET_NAME)";
				TARGETED_DEVICE_FAMILY = "1,2";
			};
			name = Release;
		};
/* End XCBuildConfiguration section */

/* Begin XCConfigurationList section */
		B62628EA233ACB1B00F2BCD3 /* Build configuration list for PBXProject "Lab2" */ = {
			isa = XCConfigurationList;
			buildConfigurations = (
				B6262906233ACB1C00F2BCD3 /* Debug */,
				B6262907233ACB1C00F2BCD3 /* Release */,
			);
			defaultConfigurationIsVisible = 0;
			defaultConfigurationName = Release;
		};
		B6262908233ACB1C00F2BCD3 /* Build configuration list for PBXNativeTarget "Lab2" */ = {
			isa = XCConfigurationList;
			buildConfigurations = (
				B6262909233ACB1C00F2BCD3 /* Debug */,
				B626290A233ACB1C00F2BCD3 /* Release */,
			);
			defaultConfigurationIsVisible = 0;
			defaultConfigurationName = Release;
		};
/* End XCConfigurationList section */
	};
	rootObject = B62628E7233ACB1B00F2BCD3 /* Project object */;
}
